
Microsoft Visual Studio Solution File, Format Version 12.00
# Visual Studio Version 16
VisualStudioVersion = 16.0.29424.173
MinimumVisualStudioVersion = 10.0.40219.1
Project("{FAE04EC0-301F-11D3-BF4B-00C04F79EFBC}") = "BuyerWalletLib", "BuyerWalletLib\BuyerWalletLib.csproj", "{2687B1E7-B025-4FCC-A1F8-D1CAFC8E23D5}"
EndProject
Global
	GlobalSection(SolutionConfigurationPlatforms) = preSolution
		Debug|Any CPU = Debug|Any CPU
		Release|Any CPU = Release|Any CPU
	EndGlobalSection
	GlobalSection(ProjectConfigurationPlatforms) = postSolution
		{2687B1E7-B025-4FCC-A1F8-D1CAFC8E23D5}.Debug|Any CPU.ActiveCfg = Debug|Any CPU
		{2687B1E7-B025-4FCC-A1F8-D1CAFC8E23D5}.Debug|Any CPU.Build.0 = Debug|Any CPU
		{2687B1E7-B025-4FCC-A1F8-D1CAFC8E23D5}.Release|Any CPU.ActiveCfg = Release|Any CPU
		{2687B1E7-B025-4FCC-A1F8-D1CAFC8E23D5}.Release|Any CPU.Build.0 = Release|Any CPU
	EndGlobalSection
	GlobalSection(SolutionProperties) = preSolution
		HideSolutionNode = FALSE
	EndGlobalSection
	GlobalSection(ExtensibilityGlobals) = postSolution
		SolutionGuid = {942D5B1A-2D2B-4581-A8E4-CD93E98C3F4A}
	EndGlobalSection
EndGlobal
